Microsoft Visual Studio Solution File, Format Version 12.00
# Visual Studio Version 17
VisualStudioVersion = 17.5.2.0
MinimumVisualStudioVersion = 10.0.40219.1
Project("{FAE04EC0-301F-11D3-BF4B-00C04F79EFBC}") = "ArchTestDemo.Application", "ArchTestDemo.Application.csproj", "{155612BA-5898-2C2D-9FBA-F488C326F98F}"
EndProject
Global
	GlobalSection(SolutionConfigurationPlatforms) = preSolution
		Debug|Any CPU = Debug|Any CPU
		Release|Any CPU = Release|Any CPU
	EndGlobalSection
	GlobalSection(ProjectConfigurationPlatforms) = postSolution
		{155612BA-5898-2C2D-9FBA-F488C326F98F}.Debug|Any CPU.ActiveCfg = Debug|Any CPU
		{155612BA-5898-2C2D-9FBA-F488C326F98F}.Debug|Any CPU.Build.0 = Debug|Any CPU
		{155612BA-5898-2C2D-9FBA-F488C326F98F}.Release|Any CPU.ActiveCfg = Release|Any CPU
		{155612BA-5898-2C2D-9FBA-F488C326F98F}.Release|Any CPU.Build.0 = Release|Any CPU
	EndGlobalSection
	GlobalSection(SolutionProperties) = preSolution
		HideSolutionNode = FALSE
	EndGlobalSection
	GlobalSection(ExtensibilityGlobals) = postSolution
		SolutionGuid = {FA443FFF-E209-4E89-8C67-D444289CE105}
	EndGlobalSection
EndGlobal
